{
  "name": "spotify-lyrics-rpc",
  "lockfileVersion": 3,
  "requires": true,
  "packages": {
    "": {
      "name": "spotify-lyrics-rpc",
      "dependencies": {
        "discord-rpc": "^4.0.1",
        "systray2": "^2.1.4",
        "ws": "^8.18.0"
      }
    },
    "node_modules/bindings": {
      "version": "1.5.0",
      "resolved": "https://registry.npmjs.org/bindings/-/bindings-1.5.0.tgz",
      "integrity": "sha512-p2q/t/mhvuOj/UeLlV6566GD/guowlr0hHxClI0W9m7MWYkL1F0hLo+0Aexs9HSPCtR1SXQ0TD3MMKrXZajbiQ==",
      "license": "MIT",
      "optional": true,
      "dependencies": {
        "file-uri-to-path": "1.0.0"
      }
    },
    "node_modules/debug": {
      "version": "4.4.3",
      "resolved": "https://registry.npmjs.org/debug/-/debug-4.4.3.tgz",
      "integrity": "sha512-RGwwWnwQvkVfavKVt22FGLw+xYSdzARwm0ru6DhTVA3umU5hZc28V3kO4stgYryrTlLpuvgI9GiijltAjNbcqA==",
      "license": "MIT",
      "dependencies": {
        "ms": "^2.1.3"
      },
      "engines": {
        "node": ">=6.0"
      },
      "peerDependenciesMeta": {
        "supports-color": {
          "optional": true
        }
      }
    },
    "node_modules/discord-rpc": {
      "version": "4.0.1",
      "resolved": "https://registry.npmjs.org/discord-rpc/-/discord-rpc-4.0.1.tgz",
      "integrity": "sha512-HOvHpbq5STRZJjQIBzwoKnQ0jHplbEWFWlPDwXXKm/bILh4nzjcg7mNqll0UY7RsjFoaXA7e/oYb/4lvpda2zA==",
      "license": "MIT",
      "dependencies": {
        "node-fetch": "^2.6.1",
        "ws": "^7.3.1"
      },
      "optionalDependencies": {
        "register-scheme": "github:devsnek/node-register-scheme"
      }
    },
    "node_modules/discord-rpc/node_modules/ws": {
      "version": "7.5.10",
      "resolved": "https://registry.npmjs.org/ws/-/ws-7.5.10.tgz",
      "integrity": "sha512-+dbF1tHwZpXcbOJdVOkzLDxZP1ailvSxM6ZweXTegylPny803bFhA+vqBYw4s31NSAk4S2Qz+AKXK9a4wkdjcQ==",
      "license": "MIT",
      "engines": {
        "node": ">=8.3.0"
      },
      "peerDependencies": {
        "bufferutil": "^4.0.1",
        "utf-8-validate": "^5.0.2"
      },
      "peerDependenciesMeta": {
        "bufferutil": {
          "optional": true
        },
        "utf-8-validate": {
          "optional": true
        }
      }
    },
    "node_modules/file-uri-to-path": {
      "version": "1.0.0",
      "resolved": "https://registry.npmjs.org/file-uri-to-path/-/file-uri-to-path-1.0.0.tgz",
      "integrity": "sha512-0Zt+s3L7Vf1biwWZ29aARiVYLx7iMGnEUl9x33fbB/j3jR81u/O2LbqK+Bm1CDSNDKVtJ/YjwY7TUd5SkeLQLw==",
      "license": "MIT",
      "optional": true
    },
    "node_modules/fs-extra": {
      "version": "10.1.0",
      "resolved": "https://registry.npmjs.org/fs-extra/-/fs-extra-10.1.0.tgz",
      "integrity": "sha512-oRXApq54ETRj4eMiFzGnHWGy+zo5raudjuxN0b8H7s/RU2oW0Wvsx9O0ACRN/kRq9E8Vu/ReskGB5o3ji+FzHQ==",
      "license": "MIT",
      "dependencies": {
        "graceful-fs": "^4.2.0",
        "jsonfile": "^6.0.1",
        "universalify": "^2.0.0"
      },
      "engines": {
        "node": ">=12"
      }
    },
    "node_modules/graceful-fs": {
      "version": "4.2.11",
      "resolved": "https://registry.npmjs.org/graceful-fs/-/graceful-fs-4.2.11.tgz",
      "integrity": "sha512-RbJ5/jmFcNNCcDV5o9eTnBLJ/HszWV0P73bc+Ff4nS/rJj+YaS6IGyiOL0VoBYX+l1Wrl3k63h/KrH+nhJ0XvQ==",
      "license": "ISC"
    },
    "node_modules/jsonfile": {
      "version": "6.2.1",
      "resolved": "https://registry.npmjs.org/jsonfile/-/jsonfile-6.2.1.tgz",
      "integrity": "sha512-zwOTdL3rFQ/lRdBnntKVOX6k5cKJwEc1HdilT71BWEu7J41gXIB2MRp+vxduPSwZJPWBxEzv4yH1wYLJGUHX4Q==",
      "license": "MIT",
      "dependencies": {
        "universalify": "^2.0.0"
      },
      "optionalDependencies": {
        "graceful-fs": "^4.1.6"
      }
    },
    "node_modules/ms": {
      "version": "2.1.3",
      "resolved": "https://registry.npmjs.org/ms/-/ms-2.1.3.tgz",
      "integrity": "sha512-6FlzubTLZG3J2a/NVCAleEhjzq5oxgHyaCU9yYXvcLsvoVaHJq/s5xXI6/XXP6tz7R9xAOtHnSO/tXtF3WRTlA==",
      "license": "MIT"
    },
    "node_modules/node-addon-api": {
      "version": "1.7.2",
      "resolved": "https://registry.npmjs.org/node-addon-api/-/node-addon-api-1.7.2.tgz",
      "integrity": "sha512-ibPK3iA+vaY1eEjESkQkM0BbCqFOaZMiXRTtdB0u7b4djtY6JnsjvPdUHVMg6xQt3B8fpTTWHI9A+ADjM9frzg==",
      "license": "MIT",
      "optional": true
    },
    "node_modules/node-fetch": {
      "version": "2.7.0",
      "resolved": "https://registry.npmjs.org/node-fetch/-/node-fetch-2.7.0.tgz",
      "integrity": "sha512-c4FRfUm/dbcWZ7U+1Wq0AwCyFL+3nt2bEw05wfxSz+DWpWsitgmSgYmy2dQdWyKC1694ELPqMs/YzUSNozLt8A==",
      "license": "MIT",
      "dependencies": {
        "whatwg-url": "^5.0.0"
      },
      "engines": {
        "node": "4.x || >=6.0.0"
      },
      "peerDependencies": {
        "encoding": "^0.1.0"
      },
      "peerDependenciesMeta": {
        "encoding": {
          "optional": true
        }
      }
    },
    "node_modules/register-scheme": {
      "version": "0.0.2",
      "resolved": "git+ssh://git@github.com/devsnek/node-register-scheme.git#e7cc9a63a1f512565da44cb57316d9fb10750e17",
      "hasInstallScript": true,
      "license": "MIT",
      "optional": true,
      "dependencies": {
        "bindings": "^1.3.0",
        "node-addon-api": "^1.3.0"
      }
    },
    "node_modules/systray2": {
      "version": "2.1.4",
      "resolved": "https://registry.npmjs.org/systray2/-/systray2-2.1.4.tgz",
      "integrity": "sha512-ncviZ7m2fecb2tAAx7pl4nlbnwvSyL4GIKnRUvfiJXTsHysh3chSlxVxNk7Yj8jlfF2TsBn2CjLwCfhJQkR7/w==",
      "license": "MIT",
      "dependencies": {
        "debug": "^4.3.2",
        "fs-extra": "^10.0.0"
      },
      "engines": {
        "node": ">=4.0.0"
      }
    },
    "node_modules/tr46": {
      "version": "0.0.3",
      "resolved": "https://registry.npmjs.org/tr46/-/tr46-0.0.3.tgz",
      "integrity": "sha512-N3WMsuqV66lT30CrXNbEjx4GEwlow3v6rr4mCcv6prnfwhS01rkgyFdjPNBYd9br7LpXV1+Emh01fHnq2Gdgrw==",
      "license": "MIT"
    },
    "node_modules/universalify": {
      "version": "2.0.1",
      "resolved": "https://registry.npmjs.org/universalify/-/universalify-2.0.1.tgz",
      "integrity": "sha512-gptHNQghINnc/vTGIk0SOFGFNXw7JVrlRUtConJRlvaw6DuX0wO5Jeko9sWrMBhh+PsYAZ7oXAiOnf/UKogyiw==",
      "license": "MIT",
      "engines": {
        "node": ">= 10.0.0"
      }
    },
    "node_modules/webidl-conversions": {
      "version": "3.0.1",
      "resolved": "https://registry.npmjs.org/webidl-conversions/-/webidl-conversions-3.0.1.tgz",
      "integrity": "sha512-2JAn3z8AR6rjK8Sm8orRC0h/bcl/DqL7tRPdGZ4I1CjdF+EaMLmYxBHyXuKL849eucPFhvBoxMsflfOb8kxaeQ==",
      "license": "BSD-2-Clause"
    },
    "node_modules/whatwg-url": {
      "version": "5.0.0",
      "resolved": "https://registry.npmjs.org/whatwg-url/-/whatwg-url-5.0.0.tgz",
      "integrity": "sha512-saE57nupxk6v3HY35+jzBwYa0rKSy0XR8JSxZPwgLr7ys0IBzhGviA1/TUGJLmSVqs8pb9AnvICXEuOHLprYTw==",
      "license": "MIT",
      "dependencies": {
        "tr46": "~0.0.3",
        "webidl-conversions": "^3.0.0"
      }
    },
    "node_modules/ws": {
      "version": "8.20.1",
      "resolved": "https://registry.npmjs.org/ws/-/ws-8.20.1.tgz",
      "integrity": "sha512-It4dO0K5v//JtTXuPkfEOaI3uUN87iYPnqo/ZzqCoG3g8uhA66QUMs/SrM0YK7/NAu+r4LMh/9dq2A7k+rHs+w==",
      "license": "MIT",
      "engines": {
        "node": ">=10.0.0"
      },
      "peerDependencies": {
        "bufferutil": "^4.0.1",
        "utf-8-validate": ">=5.0.2"
      },
      "peerDependenciesMeta": {
        "bufferutil": {
          "optional": true
        },
        "utf-8-validate": {
          "optional": true
        }
      }
    }
  }
}
